
Microsoft Visual Studio Solution File, Format Version 12.00
# Visual Studio 15
VisualStudioVersion = 15.0.26403.7
MinimumVisualStudioVersion = 10.0.40219.1
Project("{FAE04EC0-301F-11D3-BF4B-00C04F79EFBC}") = "KickAround.Web", "KickAround.Web\KickAround.Web.csproj", "{09AA8000-A453-4021-B5F8-CD78942FC7D0}"
EndProject
Project("{FAE04EC0-301F-11D3-BF4B-00C04F79EFBC}") = "KickAround.Models", "KickAround.Models\KickAround.Models.csproj", "{4FF799FC-ACD3-4283-B9D7-E798838286AB}"
EndProject
Project("{FAE04EC0-301F-11D3-BF4B-00C04F79EFBC}") = "KickAround.Data", "KickAround.Data\KickAround.Data.csproj", "{C2A8CD00-1805-4312-88DF-CBC48C811318}"
EndProject
Project("{FAE04EC0-301F-11D3-BF4B-00C04F79EFBC}") = "KickAround.Services", "KickAround.Services\KickAround.Services.csproj", "{D8AF8229-71DA-4A9A-B029-F3400D80A08B}"
EndProject
Project("{FAE04EC0-301F-11D3-BF4B-00C04F79EFBC}") = "KickAround.Tests", "KickAround.Tests\KickAround.Tests.csproj", "{425B94EA-943C-4D5D-B46C-D22C3DBE84A5}"
EndProject
Global
	GlobalSection(SolutionConfigurationPlatforms) = preSolution
		Debug|Any CPU = Debug|Any CPU
		Release|Any CPU = Release|Any CPU
	EndGlobalSection
	GlobalSection(ProjectConfigurationPlatforms) = postSolution
		{09AA8000-A453-4021-B5F8-CD78942FC7D0}.Debug|Any CPU.ActiveCfg = Debug|Any CPU
		{09AA8000-A453-4021-B5F8-CD78942FC7D0}.Debug|Any CPU.Build.0 = Debug|Any CPU
		{09AA8000-A453-4021-B5F8-CD78942FC7D0}.Release|Any CPU.ActiveCfg = Release|Any CPU
		{09AA8000-A453-4021-B5F8-CD78942FC7D0}.Release|Any CPU.Build.0 = Release|Any CPU
		{4FF799FC-ACD3-4283-B9D7-E798838286AB}.Debug|Any CPU.ActiveCfg = Debug|Any CPU
		{4FF799FC-ACD3-4283-B9D7-E798838286AB}.Debug|Any CPU.Build.0 = Debug|Any CPU
		{4FF799FC-ACD3-4283-B9D7-E798838286AB}.Release|Any CPU.ActiveCfg = Release|Any CPU
		{4FF799FC-ACD3-4283-B9D7-E798838286AB}.Release|Any CPU.Build.0 = Release|Any CPU
		{C2A8CD00-1805-4312-88DF-CBC48C811318}.Debug|Any CPU.ActiveCfg = Debug|Any CPU
		{C2A8CD00-1805-4312-88DF-CBC48C811318}.Debug|Any CPU.Build.0 = Debug|Any CPU
		{C2A8CD00-1805-4312-88DF-CBC48C811318}.Release|Any CPU.ActiveCfg = Release|Any CPU
		{C2A8CD00-1805-4312-88DF-CBC48C811318}.Release|Any CPU.Build.0 = Release|Any CPU
		{D8AF8229-71DA-4A9A-B029-F3400D80A08B}.Debug|Any CPU.ActiveCfg = Debug|Any CPU
		{D8AF8229-71DA-4A9A-B029-F3400D80A08B}.Debug|Any CPU.Build.0 = Debug|Any CPU
		{D8AF8229-71DA-4A9A-B029-F3400D80A08B}.Release|Any CPU.ActiveCfg = Release|Any CPU
		{D8AF8229-71DA-4A9A-B029-F3400D80A08B}.Release|Any CPU.Build.0 = Release|Any CPU
		{425B94EA-943C-4D5D-B46C-D22C3DBE84A5}.Debug|Any CPU.ActiveCfg = Debug|Any CPU
		{425B94EA-943C-4D5D-B46C-D22C3DBE84A5}.Debug|Any CPU.Build.0 = Debug|Any CPU
		{425B94EA-943C-4D5D-B46C-D22C3DBE84A5}.Release|Any CPU.ActiveCfg = Release|Any CPU
		{425B94EA-943C-4D5D-B46C-D22C3DBE84A5}.Release|Any CPU.Build.0 = Release|Any CPU
	EndGlobalSection
	GlobalSection(SolutionProperties) = preSolution
		HideSolutionNode = FALSE
	EndGlobalSection
EndGlobal
